// !$*UTF8*$!
{
	archiveVersion = 1;
	classes = {
	};
	objectVersion = 56;
	objects = {

/* Begin PBXBuildFile section */
		7C6B60479EFC9C52AC986FC8 /* Pods_Desafio.framework in Frameworks */ = {isa = PBXBuildFile; fileRef = 864201313DFAEABE3C513351 /* Pods_Desafio.framework */; };
		A2EC093629FF20AB00875F23 /* AppDelegate.swift in Sources */ = {isa = PBXBuildFile; fileRef = A2EC093529FF20AB00875F23 /* AppDelegate.swift */; };
		A2EC093829FF20AB00875F23 /* SceneDelegate.swift in Sources */ = {isa = PBXBuildFile; fileRef = A2EC093729FF20AB00875F23 /* SceneDelegate.swift */; };
		A2EC093A29FF20AB00875F23 /* ViewController.swift in Sources */ = {isa = PBXBuildFile; fileRef = A2EC093929FF20AB00875F23 /* ViewController.swift */; };
		A2EC093D29FF20AB00875F23 /* Main.storyboard in Resources */ = {isa = PBXBuildFile; fileRef = A2EC093B29FF20AB00875F23 /* Main.storyboard */; };
		A2EC093F29FF20AD00875F23 /* Assets.xcassets in Resources */ = {isa = PBXBuildFile; fileRef = A2EC093E29FF20AD00875F23 /* Assets.xcassets */; };
		A2EC094229FF20AD00875F23 /* LaunchScreen.storyboard in Resources */ = {isa = PBXBuildFile; fileRef = A2EC094029FF20AD00875F23 /* LaunchScreen.storyboard */; };
/* End PBXBuildFile section */

/* Begin PBXFileReference section */
		4657EAE2B1029A28B69957D3 /* Pods-Desafio.debug.xcconfig */ = {isa = PBXFileReference; includeInIndex = 1; lastKnownFileType = text.xcconfig; name = "Pods-Desafio.debug.xcconfig"; path = "Target Support Files/Pods-Desafio/Pods-Desafio.debug.xcconfig"; sourceTree = "<group>"; };
		864201313DFAEABE3C513351 /* Pods_Desafio.framework */ = {isa = PBXFileReference; explicitFileType = wrapper.framework; includeInIndex = 0; path = Pods_Desafio.framework; sourceTree = BUILT_PRODUCTS_DIR; };
		A2EC093229FF20AB00875F23 /* Desafio.app */ = {isa = PBXFileReference; explicitFileType = wrapper.application; includeInIndex = 0; path = Desafio.app; sourceTree = BUILT_PRODUCTS_DIR; };
		A2EC093529FF20AB00875F23 /* AppDelegate.swift */ = {isa = PBXFileReference; lastKnownFileType = sourcecode.swift; path = AppDelegate.swift; sourceTree = "<group>"; };
		A2EC093729FF20AB00875F23 /* SceneDelegate.swift */ = {isa = PBXFileReference; lastKnownFileType = sourcecode.swift; path = SceneDelegate.swift; sourceTree = "<group>"; };
		A2EC093929FF20AB00875F23 /* ViewController.swift */ = {isa = PBXFileReference; lastKnownFileType = sourcecode.swift; path = ViewController.swift; sourceTree = "<group>"; };
		A2EC093C29FF20AB00875F23 /* Base */ = {isa = PBXFileReference; lastKnownFileType = file.storyboard; name = Base; path = Base.lproj/Main.storyboard; sourceTree = "<group>"; };
		A2EC093E29FF20AD00875F23 /* Assets.xcassets */ = {isa = PBXFileReference; lastKnownFileType = folder.assetcatalog; path = Assets.xcassets; sourceTree = "<group>"; };
		A2EC094129FF20AD00875F23 /* Base */ = {isa = PBXFileReference; lastKnownFileType = file.storyboard; name = Base; path = Base.lproj/LaunchScreen.storyboard; sourceTree = "<group>"; };
		A2EC094329FF20AD00875F23 /* Info.plist */ = {isa = PBXFileReference; lastKnownFileType = text.plist.xml; path = Info.plist; sourceTree = "<group>"; };
		F3E622B9BEA2CD6427338649 /* Pods-Desafio.release.xcconfig */ = {isa = PBXFileReference; includeInIndex = 1; lastKnownFileType = text.xcconfig; name = "Pods-Desafio.release.xcconfig"; path = "Target Support Files/Pods-Desafio/Pods-Desafio.release.xcconfig"; sourceTree = "<group>"; };
/* End PBXFileReference section */

/* Begin PBXFrameworksBuildPhase section */
		A2EC092F29FF20AB00875F23 /* Frameworks */ = {
			isa = PBXFrameworksBuildPhase;
			buildActionMask = 2147483647;
			files = (
				7C6B60479EFC9C52AC986FC8 /* Pods_Desafio.framework in Frameworks */,
			);
			runOnlyForDeploymentPostprocessing = 0;
		};
/* End PBXFrameworksBuildPhase section */

/* Begin PBXGroup section */
		0111B41C0C7BC531FD13509D /* Frameworks */ = {
			isa = PBXGroup;
			children = (
				864201313DFAEABE3C513351 /* Pods_Desafio.framework */,
			);
			name = Frameworks;
			sourceTree = "<group>";
		};
		A2EC092929FF20AB00875F23 = {
			isa = PBXGroup;
			children = (
				A2EC093429FF20AB00875F23 /* Desafio */,
				A2EC093329FF20AB00875F23 /* Products */,
				BFDD65320772238EC0ACA62C /* Pods */,
				0111B41C0C7BC531FD13509D /* Frameworks */,
			);
			sourceTree = "<group>";
		};
		A2EC093329FF20AB00875F23 /* Products */ = {
			isa = PBXGroup;
			children = (
				A2EC093229FF20AB00875F23 /* Desafio.app */,
			);
			name = Products;
			sourceTree = "<group>";
		};
		A2EC093429FF20AB00875F23 /* Desafio */ = {
			isa = PBXGroup;
			children = (
				A2EC093529FF20AB00875F23 /* AppDelegate.swift */,
				A2EC093729FF20AB00875F23 /* SceneDelegate.swift */,
				A2EC093929FF20AB00875F23 /* ViewController.swift */,
				A2EC093B29FF20AB00875F23 /* Main.storyboard */,
				A2EC093E29FF20AD00875F23 /* Assets.xcassets */,
				A2EC094029FF20AD00875F23 /* LaunchScreen.storyboard */,
				A2EC094329FF20AD00875F23 /* Info.plist */,
			);
			path = Desafio;
			sourceTree = "<group>";
		};
		BFDD65320772238EC0ACA62C /* Pods */ = {
			isa = PBXGroup;
			children = (
				4657EAE2B1029A28B69957D3 /* Pods-Desafio.debug.xcconfig */,
				F3E622B9BEA2CD6427338649 /* Pods-Desafio.release.xcconfig */,
			);
			name = Pods;
			path = Pods;
			sourceTree = "<group>";
		};
/* End PBXGroup section */

/* Begin PBXNativeTarget section */
		A2EC093129FF20AB00875F23 /* Desafio */ = {
			isa = PBXNativeTarget;
			buildConfigurationList = A2EC094629FF20AD00875F23 /* Build configuration list for PBXNativeTarget "Desafio" */;
			buildPhases = (
				6043954A2D73535A677C9551 /* [CP] Check Pods Manifest.lock */,
				A2EC092E29FF20AB00875F23 /* Sources */,
				A2EC092F29FF20AB00875F23 /* Frameworks */,
				A2EC093029FF20AB00875F23 /* Resources */,
				D5A4053DF3781C627D87DE54 /* [CP] Embed Pods Frameworks */,
			);
			buildRules = (
			);
			dependencies = (
			);
			name = Desafio;
			productName = Desafio;
			productReference = A2EC093229FF20AB00875F23 /* Desafio.app */;
			productType = "com.apple.product-type.application";
		};
/* End PBXNativeTarget section */

/* Begin PBXProject section */
		A2EC092A29FF20AB00875F23 /* Project object */ = {
			isa = PBXProject;
			attributes = {
				BuildIndependentTargetsInParallel = 1;
				LastSwiftUpdateCheck = 1420;
				LastUpgradeCheck = 1420;
				TargetAttributes = {
					A2EC093129FF20AB00875F23 = {
						CreatedOnToolsVersion = 14.2;
					};
				};
			};
			buildConfigurationList = A2EC092D29FF20AB00875F23 /* Build configuration list for PBXProject "Desafio" */;
			compatibilityVersion = "Xcode 14.0";
			developmentRegion = en;
			hasScannedForEncodings = 0;
			knownRegions = (
				en,
				Base,
			);
			mainGroup = A2EC092929FF20AB00875F23;
			productRefGroup = A2EC093329FF20AB00875F23 /* Products */;
			projectDirPath = "";
			projectRoot = "";
			targets = (
				A2EC093129FF20AB00875F23 /* Desafio */,
			);
		};
/* End PBXProject section */

/* Begin PBXResourcesBuildPhase section */
		A2EC093029FF20AB00875F23 /* Resources */ = {
			isa = PBXResourcesBuildPhase;
			buildActionMask = 2147483647;
			files = (
				A2EC094229FF20AD00875F23 /* LaunchScreen.storyboard in Resources */,
				A2EC093F29FF20AD00875F23 /* Assets.xcassets in Resources */,
				A2EC093D29FF20AB00875F23 /* Main.storyboard in Resources */,
			);
			runOnlyForDeploymentPostprocessing = 0;
		};
/* End PBXResourcesBuildPhase section */

/* Begin PBXShellScriptBuildPhase section */
		6043954A2D73535A677C9551 /* [CP] Check Pods Manifest.lock */ = {
			isa = PBXShellScriptBuildPhase;
			buildActionMask = 2147483647;
			files = (
			);
			inputFileListPaths = (
			);
			inputPaths = (
				"${PODS_PODFILE_DIR_PATH}/Podfile.lock",
				"${PODS_ROOT}/Manifest.lock",
			);
			name = "[CP] Check Pods Manifest.lock";
			outputFileListPaths = (
			);
			outputPaths = (
				"$(DERIVED_FILE_DIR)/Pods-Desafio-checkManifestLockResult.txt",
			);
			runOnlyForDeploymentPostprocessing = 0;
			shellPath = /bin/sh;
			shellScript = "diff \"${PODS_PODFILE_DIR_PATH}/Podfile.lock\" \"${PODS_ROOT}/Manifest.lock\" > /dev/null\nif [ $? != 0 ] ; then\n    # print error to STDERR\n    echo \"error: The sandbox is not in sync with the Podfile.lock. Run 'pod install' or update your CocoaPods installation.\" >&2\n    exit 1\nfi\n# This output is used by Xcode 'outputs' to avoid re-running this script phase.\necho \"SUCCESS\" > \"${SCRIPT_OUTPUT_FILE_0}\"\n";
			showEnvVarsInLog = 0;
		};
		D5A4053DF3781C627D87DE54 /* [CP] Embed Pods Frameworks */ = {
			isa = PBXShellScriptBuildPhase;
			buildActionMask = 2147483647;
			files = (
			);
			inputFileListPaths = (
				"${PODS_ROOT}/Target Support Files/Pods-Desafio/Pods-Desafio-frameworks-${CONFIGURATION}-input-files.xcfilelist",
			);
			name = "[CP] Embed Pods Frameworks";
			outputFileListPaths = (
				"${PODS_ROOT}/Target Support Files/Pods-Desafio/Pods-Desafio-frameworks-${CONFIGURATION}-output-files.xcfilelist",
			);
			runOnlyForDeploymentPostprocessing = 0;
			shellPath = /bin/sh;
			shellScript = "\"${PODS_ROOT}/Target Support Files/Pods-Desafio/Pods-Desafio-frameworks.sh\"\n";
			showEnvVarsInLog = 0;
		};
/* End PBXShellScriptBuildPhase section */

/* Begin PBXSourcesBuildPhase section */
		A2EC092E29FF20AB00875F23 /* Sources */ = {
			isa = PBXSourcesBuildPhase;
			buildActionMask = 2147483647;
			files = (
				A2EC093A29FF20AB00875F23 /* ViewController.swift in Sources */,
				A2EC093629FF20AB00875F23 /* AppDelegate.swift in Sources */,
				A2EC093829FF20AB00875F23 /* SceneDelegate.swift in Sources */,
			);
			runOnlyForDeploymentPostprocessing = 0;
		};
/* End PBXSourcesBuildPhase section */

/* Begin PBXVariantGroup section */
		A2EC093B29FF20AB00875F23 /* Main.storyboard */ = {
			isa = PBXVariantGroup;
			children = (
				A2EC093C29FF20AB00875F23 /* Base */,
			);
			name = Main.storyboard;
			sourceTree = "<group>";
		};
		A2EC094029FF20AD00875F23 /* LaunchScreen.storyboard */ = {
			isa = PBXVariantGroup;
			children = (
				A2EC094129FF20AD00875F23 /* Base */,
			);
			name = LaunchScreen.storyboard;
			sourceTree = "<group>";
		};
/* End PBXVariantGroup section */

/* Begin XCBuildConfiguration section */
		A2EC094429FF20AD00875F23 /* Debug */ = {
			isa = XCBuildConfiguration;
			buildSettings = {
				ALWAYS_SEARCH_USER_PATHS = NO;
				CLANG_ANALYZER_NONNULL = YES;
				CLANG_ANALYZER_NUMBER_OBJECT_CONVERSION = YES_AGGRESSIVE;
				CLANG_CXX_LANGUAGE_STANDARD = "gnu++20";
				CLANG_ENABLE_MODULES = YES;
				CLANG_ENABLE_OBJC_ARC = YES;
				CLANG_ENABLE_OBJC_WEAK = YES;
				CLANG_WARN_BLOCK_CAPTURE_AUTORELEASING = YES;
				CLANG_WARN_BOOL_CONVERSION = YES;
				CLANG_WARN_COMMA = YES;
				CLANG_WARN_CONSTANT_CONVERSION = YES;
				CLANG_WARN_DEPRECATED_OBJC_IMPLEMENTATIONS = YES;
				CLANG_WARN_DIRECT_OBJC_ISA_USAGE = YES_ERROR;
				CLANG_WARN_DOCUMENTATION_COMMENTS = YES;
				CLANG_WARN_EMPTY_BODY = YES;
				CLANG_WARN_ENUM_CONVERSION = YES;
				CLANG_WARN_INFINITE_RECURSION = YES;
				CLANG_WARN_INT_CONVERSION = YES;
				CLANG_WARN_NON_LITERAL_NULL_CONVERSION = YES;
				CLANG_WARN_OBJC_IMPLICIT_RETAIN_SELF = YES;
				CLANG_WARN_OBJC_LITERAL_CONVERSION = YES;
				CLANG_WARN_OBJC_ROOT_CLASS = YES_ERROR;
				CLANG_WARN_QUOTED_INCLUDE_IN_FRAMEWORK_HEADER = YES;
				CLANG_WARN_RANGE_LOOP_ANALYSIS = YES;
				CLANG_WARN_STRICT_PROTOTYPES = YES;
				CLANG_WARN_SUSPICIOUS_MOVE = YES;
				CLANG_WARN_UNGUARDED_AVAILABILITY = YES_AGGRESSIVE;
				CLANG_WARN_UNREACHABLE_CODE = YES;
				CLANG_WARN__DUPLICATE_METHOD_MATCH = YES;
				COPY_PHASE_STRIP = NO;
				DEBUG_INFORMATION_FORMAT = dwarf;
				ENABLE_STRICT_OBJC_MSGSEND = YES;
				ENABLE_TESTABILITY = YES;
				GCC_C_LANGUAGE_STANDARD = gnu11;
				GCC_DYNAMIC_NO_PIC = NO;
				GCC_NO_COMMON_BLOCKS = YES;
				GCC_OPTIMIZATION_LEVEL = 0;
				GCC_PREPROCESSOR_DEFINITIONS = (
					"DEBUG=1",
					"$(inherited)",
				);
				GCC_WARN_64_TO_32_BIT_CONVERSION = YES;
				GCC_WARN_ABOUT_RETURN_TYPE = YES_ERROR;
				GCC_WARN_UNDECLARED_SELECTOR = YES;
				GCC_WARN_UNINITIALIZED_AUTOS = YES_AGGRESSIVE;
				GCC_WARN_UNUSED_FUNCTION = YES;
				GCC_WARN_UNUSED_VARIABLE = YES;
				IPHONEOS_DEPLOYMENT_TARGET = 16.2;
				MTL_ENABLE_DEBUG_INFO = INCLUDE_SOURCE;
				MTL_FAST_MATH = YES;
				ONLY_ACTIVE_ARCH = YES;
				SDKROOT = iphoneos;
				SWIFT_ACTIVE_COMPILATION_CONDITIONS = DEBUG;
				SWIFT_OPTIMIZATION_LEVEL = "-Onone";
			};
			name = Debug;
		};
		A2EC094529FF20AD00875F23 /* Release */ = {
			isa = XCBuildConfiguration;
			buildSettings = {
				ALWAYS_SEARCH_USER_PATHS = NO;
				CLANG_ANALYZER_NONNULL = YES;
				CLANG_ANALYZER_NUMBER_OBJECT_CONVERSION = YES_AGGRESSIVE;
				CLANG_CXX_LANGUAGE_STANDARD = "gnu++20";
				CLANG_ENABLE_MODULES = YES;
				CLANG_ENABLE_OBJC_ARC = YES;
				CLANG_ENABLE_OBJC_WEAK = YES;
				CLANG_WARN_BLOCK_CAPTURE_AUTORELEASING = YES;
				CLANG_WARN_BOOL_CONVERSION = YES;
				CLANG_WARN_COMMA = YES;
				CLANG_WARN_CONSTANT_CONVERSION = YES;
				CLANG_WARN_DEPRECATED_OBJC_IMPLEMENTATIONS = YES;
				CLANG_WARN_DIRECT_OBJC_ISA_USAGE = YES_ERROR;
				CLANG_WARN_DOCUMENTATION_COMMENTS = YES;
				CLANG_WARN_EMPTY_BODY = YES;
				CLANG_WARN_ENUM_CONVERSION = YES;
				CLANG_WARN_INFINITE_RECURSION = YES;
				CLANG_WARN_INT_CONVERSION = YES;
				CLANG_WARN_NON_LITERAL_NULL_CONVERSION = YES;
				CLANG_WARN_OBJC_IMPLICIT_RETAIN_SELF = YES;
				CLANG_WARN_OBJC_LITERAL_CONVERSION = YES;
				CLANG_WARN_OBJC_ROOT_CLASS = YES_ERROR;
				CLANG_WARN_QUOTED_INCLUDE_IN_FRAMEWORK_HEADER = YES;
				CLANG_WARN_RANGE_LOOP_ANALYSIS = YES;
				CLANG_WARN_STRICT_PROTOTYPES = YES;
				CLANG_WARN_SUSPICIOUS_MOVE = YES;
				CLANG_WARN_UNGUARDED_AVAILABILITY = YES_AGGRESSIVE;
				CLANG_WARN_UNREACHABLE_CODE = YES;
				CLANG_WARN__DUPLICATE_METHOD_MATCH = YES;
				COPY_PHASE_STRIP = NO;
				DEBUG_INFORMATION_FORMAT = "dwarf-with-dsym";
				ENABLE_NS_ASSERTIONS = NO;
				ENABLE_STRICT_OBJC_MSGSEND = YES;
				GCC_C_LANGUAGE_STANDARD = gnu11;
				GCC_NO_COMMON_BLOCKS = YES;
				GCC_WARN_64_TO_32_BIT_CONVERSION = YES;
				GCC_WARN_ABOUT_RETURN_TYPE = YES_ERROR;
				GCC_WARN_UNDECLARED_SELECTOR = YES;
				GCC_WARN_UNINITIALIZED_AUTOS = YES_AGGRESSIVE;
				GCC_WARN_UNUSED_FUNCTION = YES;
				GCC_WARN_UNUSED_VARIABLE = YES;
				IPHONEOS_DEPLOYMENT_TARGET = 16.2;
				MTL_ENABLE_DEBUG_INFO = NO;
				MTL_FAST_MATH = YES;
				SDKROOT = iphoneos;
				SWIFT_COMPILATION_MODE = wholemodule;
				SWIFT_OPTIMIZATION_LEVEL = "-O";
				VALIDATE_PRODUCT = YES;
			};
			name = Release;
		};
		A2EC094729FF20AD00875F23 /* Debug */ = {
			isa = XCBuildConfiguration;
			baseConfigurationReference = 4657EAE2B1029A28B69957D3 /* Pods-Desafio.debug.xcconfig */;
			buildSettings = {
				ASSETCATALOG_COMPILER_APPICON_NAME = AppIcon;
				ASSETCATALOG_COMPILER_GLOBAL_ACCENT_COLOR_NAME = AccentColor;
				CODE_SIGN_STYLE = Automatic;
				CURRENT_PROJECT_VERSION = 1;
				DEVELOPMENT_TEAM = LA7VS69CK4;
				GENERATE_INFOPLIST_FILE = YES;
				INFOPLIST_FILE = Desafio/Info.plist;
				INFOPLIST_KEY_UIApplicationSupportsIndirectInputEvents = YES;
				INFOPLIST_KEY_UILaunchStoryboardName = LaunchScreen;
				INFOPLIST_KEY_UIMainStoryboardFile = Main;
				INFOPLIST_KEY_UISupportedInterfaceOrientations_iPad = "UIInterfaceOrientationPortrait UIInterfaceOrientationPortraitUpsideDown UIInterfaceOrientationLandscapeLeft UIInterfaceOrientationLandscapeRight";
				INFOPLIST_KEY_UISupportedInterfaceOrientations_iPhone = "UIInterfaceOrientationPortrait UIInterfaceOrientationLandscapeLeft UIInterfaceOrientationLandscapeRight";
				LD_RUNPATH_SEARCH_PATHS = (
					"$(inherited)",
					"@executable_path/Frameworks",
				);
				MARKETING_VERSION = 1.0;
				PRODUCT_BUNDLE_IDENTIFIER = Leandro.Desafio;
				PRODUCT_NAME = "$(TARGET_NAME)";
				SWIFT_EMIT_LOC_STRINGS = YES;
				SWIFT_VERSION = 5.0;
				TARGETED_DEVICE_FAMILY = "1,2";
			};
			name = Debug;
		};
		A2EC094829FF20AD00875F23 /* Release */ = {
			isa = XCBuildConfiguration;
			baseConfigurationReference = F3E622B9BEA2CD6427338649 /* Pods-Desafio.release.xcconfig */;
			buildSettings = {
				ASSETCATALOG_COMPILER_APPICON_NAME = AppIcon;
				ASSETCATALOG_COMPILER_GLOBAL_ACCENT_COLOR_NAME = AccentColor;
				CODE_SIGN_STYLE = Automatic;
				CURRENT_PROJECT_VERSION = 1;
				DEVELOPMENT_TEAM = LA7VS69CK4;
				GENERATE_INFOPLIST_FILE = YES;
				INFOPLIST_FILE = Desafio/Info.plist;
				INFOPLIST_KEY_UIApplicationSupportsIndirectInputEvents = YES;
				INFOPLIST_KEY_UILaunchStoryboardName = LaunchScreen;
				INFOPLIST_KEY_UIMainStoryboardFile = Main;
				INFOPLIST_KEY_UISupportedInterfaceOrientations_iPad = "UIInterfaceOrientationPortrait UIInterfaceOrientationPortraitUpsideDown UIInterfaceOrientationLandscapeLeft UIInterfaceOrientationLandscapeRight";
				INFOPLIST_KEY_UISupportedInterfaceOrientations_iPhone = "UIInterfaceOrientationPortrait UIInterfaceOrientationLandscapeLeft UIInterfaceOrientationLandscapeRight";
				LD_RUNPATH_SEARCH_PATHS = (
					"$(inherited)",
					"@executable_path/Frameworks",
				);
				MARKETING_VERSION = 1.0;
				PRODUCT_BUNDLE_IDENTIFIER = Leandro.Desafio;
				PRODUCT_NAME = "$(TARGET_NAME)";
				SWIFT_EMIT_LOC_STRINGS = YES;
				SWIFT_VERSION = 5.0;
				TARGETED_DEVICE_FAMILY = "1,2";
			};
			name = Release;
		};
/* End XCBuildConfiguration section */

/* Begin XCConfigurationList section */
		A2EC092D29FF20AB00875F23 /* Build configuration list for PBXProject "Desafio" */ = {
			isa = XCConfigurationList;
			buildConfigurations = (
				A2EC094429FF20AD00875F23 /* Debug */,
				A2EC094529FF20AD00875F23 /* Release */,
			);
			defaultConfigurationIsVisible = 0;
			defaultConfigurationName = Release;
		};
		A2EC094629FF20AD00875F23 /* Build configuration list for PBXNativeTarget "Desafio" */ = {
			isa = XCConfigurationList;
			buildConfigurations = (
				A2EC094729FF20AD00875F23 /* Debug */,
				A2EC094829FF20AD00875F23 /* Release */,
			);
			defaultConfigurationIsVisible = 0;
			defaultConfigurationName = Release;
		};
/* End XCConfigurationList section */
	};
	rootObject = A2EC092A29FF20AB00875F23 /* Project object */;
}
